{
    "version": 3,
    "terraform_version": "0.11.13",
    "serial": 8,
    "lineage": "4acc6f8c-15fd-61cb-7c97-758c6da699e2",
    "modules": [
        {
            "path": [
                "root"
            ],
            "outputs": {},
            "resources": {
                "azurerm_app_service.as": {
                    "type": "azurerm_app_service",
                    "depends_on": [
                        "azurerm_app_service_plan.sp",
                        "azurerm_resource_group.rg"
                    ],
                    "primary": {
                        "id": "/subscriptions/10509b0a-77b7-4c7c-ade5-3664188f13af/resourceGroups/test/providers/Microsoft.Web/sites/app-service",
                        "attributes": {
                            "app_service_plan_id": "/subscriptions/10509b0a-77b7-4c7c-ade5-3664188f13af/resourceGroups/test/providers/Microsoft.Web/serverfarms/app-service-plan",
                            "app_settings.%": "4",
                            "app_settings.ConnectionStrings__AContext": "",
                            "app_settings.ConnectionStrings__FContext": "",
                            "app_settings.ConnectionStrings__IContext": "",
                            "app_settings.ConnectionStrings__RContext": "",
                            "client_affinity_enabled": "true",
                            "client_cert_enabled": "false",
                            "connection_string.#": "0",
                            "default_site_hostname": "app-service.azurewebsites.net",
                            "enabled": "true",
                            "https_only": "false",
                            "id": "/subscriptions/10509b0a-77b7-4c7c-ade5-3664188f13af/resourceGroups/test/providers/Microsoft.Web/sites/app-service",
                            "identity.#": "0",
                            "location": "westeurope",
                            "name": "app-service",
                            "outbound_ip_addresses": "13.69.68.3,104.46.36.69,40.91.218.221,51.144.117.153,23.97.215.180",
                            "possible_outbound_ip_addresses": "13.69.68.3,104.46.36.69,40.91.218.221,51.144.117.153,23.97.215.180,40.91.222.21,23.97.219.0,40.91.216.13",
                            "resource_group_name": "test",
                            "site_config.#": "1",
                            "site_config.0.always_on": "false",
                            "site_config.0.app_command_line": "",
                            "site_config.0.cors.#": "1",
                            "site_config.0.cors.0.allowed_origins.#": "0",
                            "site_config.0.cors.0.support_credentials": "false",
                            "site_config.0.default_documents.#": "9",
                            "site_config.0.default_documents.0": "Default.htm",
                            "site_config.0.default_documents.1": "Default.html",
                            "site_config.0.default_documents.2": "Default.asp",
                            "site_config.0.default_documents.3": "index.htm",
                            "site_config.0.default_documents.4": "index.html",
                            "site_config.0.default_documents.5": "iisstart.htm",
                            "site_config.0.default_documents.6": "default.aspx",
                            "site_config.0.default_documents.7": "index.php",
                            "site_config.0.default_documents.8": "hostingstart.html",
                            "site_config.0.dotnet_framework_version": "v4.0",
                            "site_config.0.ftps_state": "AllAllowed",
                            "site_config.0.http2_enabled": "false",
                            "site_config.0.ip_restriction.#": "0",
                            "site_config.0.java_container": "",
                            "site_config.0.java_container_version": "",
                            "site_config.0.java_version": "",
                            "site_config.0.linux_fx_version": "",
                            "site_config.0.local_mysql_enabled": "false",
                            "site_config.0.managed_pipeline_mode": "Integrated",
                            "site_config.0.min_tls_version": "1.2",
                            "site_config.0.php_version": "5.6",
                            "site_config.0.python_version": "",
                            "site_config.0.remote_debugging_enabled": "false",
                            "site_config.0.remote_debugging_version": "VS2017",
                            "site_config.0.scm_type": "None",
                            "site_config.0.use_32_bit_worker_process": "true",
                            "site_config.0.virtual_network_name": "",
                            "site_config.0.websockets_enabled": "false",
                            "site_credential.#": "1",
                            "site_credential.0.password": "ETj6qFkWAke60foM0l4mjkqJM3Cibk67n9LTcytKoARGqSRTdbeLR16wauc8",
                            "site_credential.0.username": "$app-service",
                            "source_control.#": "1",
                            "source_control.0.branch": "master",
                            "source_control.0.repo_url": "",
                            "tags.%": "0"
                        },
                        "meta": {},
                        "tainted": false
                    },
                    "deposed": [],
                    "provider": "provider.azurerm"
                },
                "azurerm_app_service_plan.sp": {
                    "type": "azurerm_app_service_plan",
                    "depends_on": [
                        "azurerm_resource_group.rg"
                    ],
                    "primary": {
                        "id": "/subscriptions/10509b0a-77b7-4c7c-ade5-3664188f13af/resourceGroups/test/providers/Microsoft.Web/serverfarms/app-service-plan",
                        "attributes": {
                            "id": "/subscriptions/10509b0a-77b7-4c7c-ade5-3664188f13af/resourceGroups/test/providers/Microsoft.Web/serverfarms/app-service-plan",
                            "kind": "Windows",
                            "location": "westeurope",
                            "maximum_number_of_workers": "3",
                            "name": "app-service-plan",
                            "per_site_scaling": "false",
                            "properties.#": "1",
                            "properties.0.app_service_environment_id": "",
                            "properties.0.per_site_scaling": "false",
                            "properties.0.reserved": "false",
                            "reserved": "false",
                            "resource_group_name": "test",
                            "sku.#": "1",
                            "sku.0.capacity": "1",
                            "sku.0.size": "B1",
                            "sku.0.tier": "Basic",
                            "tags.%": "0"
                        },
                        "meta": {},
                        "tainted": false
                    },
                    "deposed": [],
                    "provider": "provider.azurerm"
                },
                "azurerm_resource_group.rg": {
                    "type": "azurerm_resource_group",
                    "depends_on": [],
                    "primary": {
                        "id": "/subscriptions/10509b0a-77b7-4c7c-ade5-3664188f13af/resourceGroups/test",
                        "attributes": {
                            "id": "/subscriptions/10509b0a-77b7-4c7c-ade5-3664188f13af/resourceGroups/test",
                            "location": "westeurope",
                            "name": "test",
                            "tags.%": "0"
                        },
                        "meta": {},
                        "tainted": false
                    },
                    "deposed": [],
                    "provider": "provider.azurerm"
                },
                "random_string.password": {
                    "type": "random_string",
                    "depends_on": [],
                    "primary": {
                        "id": "none",
                        "attributes": {
                            "id": "none",
                            "length": "16",
                            "lower": "true",
                            "min_lower": "0",
                            "min_numeric": "0",
                            "min_special": "0",
                            "min_upper": "0",
                            "number": "true",
                            "result": "kA54\u003ceHtAoL@a\u00269w",
                            "special": "true",
                            "upper": "true"
                        },
                        "meta": {
                            "schema_version": "1"
                        },
                        "tainted": false
                    },
                    "deposed": [],
                    "provider": "provider.random"
                }
            },
            "depends_on": []
        }
    ]
}
