{
    "version": 3,
    "terraform_version": "0.11.13",
    "serial": 18,
    "lineage": "4acc6f8c-15fd-61cb-7c97-758c6da699e2",
    "modules": [
        {
            "path": [
                "root"
            ],
            "outputs": {},
            "resources": {},
            "depends_on": []
        },
        {
            "path": [
                "root",
                "etil_environment_dev"
            ],
            "outputs": {},
            "resources": {
                "azurerm_app_service_plan.sp": {
                    "type": "azurerm_app_service_plan",
                    "depends_on": [
                        "azurerm_resource_group.rg"
                    ],
                    "primary": {
                        "id": "/subscriptions/10509b0a-77b7-4c7c-ade5-3664188f13af/resourceGroups/dev/providers/Microsoft.Web/serverfarms/app-service-plan",
                        "attributes": {
                            "id": "/subscriptions/10509b0a-77b7-4c7c-ade5-3664188f13af/resourceGroups/dev/providers/Microsoft.Web/serverfarms/app-service-plan",
                            "kind": "Windows",
                            "location": "westeurope",
                            "maximum_number_of_workers": "3",
                            "name": "app-service-plan",
                            "per_site_scaling": "false",
                            "properties.#": "1",
                            "properties.0.app_service_environment_id": "",
                            "properties.0.per_site_scaling": "false",
                            "properties.0.reserved": "false",
                            "reserved": "false",
                            "resource_group_name": "dev",
                            "sku.#": "1",
                            "sku.0.capacity": "1",
                            "sku.0.size": "B1",
                            "sku.0.tier": "Basic",
                            "tags.%": "0"
                        },
                        "meta": {},
                        "tainted": false
                    },
                    "deposed": [],
                    "provider": "module.etil_environment_dev.provider.azurerm"
                },
                "azurerm_application_insights.insights": {
                    "type": "azurerm_application_insights",
                    "depends_on": [
                        "azurerm_resource_group.rg"
                    ],
                    "primary": {
                        "id": "/subscriptions/10509b0a-77b7-4c7c-ade5-3664188f13af/resourceGroups/dev/providers/microsoft.insights/components/etil-dev",
                        "attributes": {
                            "app_id": "e1d5e53c-00a6-47fb-891b-1e5af324cbf2",
                            "application_type": "web",
                            "id": "/subscriptions/10509b0a-77b7-4c7c-ade5-3664188f13af/resourceGroups/dev/providers/microsoft.insights/components/etil-dev",
                            "instrumentation_key": "9bd22ab4-0024-4209-9edc-0c1c43c3a677",
                            "location": "westeurope",
                            "name": "etil-dev",
                            "resource_group_name": "dev",
                            "tags.%": "0"
                        },
                        "meta": {},
                        "tainted": false
                    },
                    "deposed": [],
                    "provider": "module.etil_environment_dev.provider.azurerm"
                },
                "azurerm_resource_group.rg": {
                    "type": "azurerm_resource_group",
                    "depends_on": [],
                    "primary": {
                        "id": "/subscriptions/10509b0a-77b7-4c7c-ade5-3664188f13af/resourceGroups/dev",
                        "attributes": {
                            "id": "/subscriptions/10509b0a-77b7-4c7c-ade5-3664188f13af/resourceGroups/dev",
                            "location": "westeurope",
                            "name": "dev",
                            "tags.%": "0"
                        },
                        "meta": {},
                        "tainted": false
                    },
                    "deposed": [],
                    "provider": "module.etil_environment_dev.provider.azurerm"
                },
                "azurerm_sql_database.auth-sql-database": {
                    "type": "azurerm_sql_database",
                    "depends_on": [
                        "azurerm_resource_group.rg",
                        "azurerm_sql_server.sql-server"
                    ],
                    "primary": {
                        "id": "/subscriptions/10509b0a-77b7-4c7c-ade5-3664188f13af/resourceGroups/dev/providers/Microsoft.Sql/servers/etil-dev/databases/auth-etil-dev",
                        "attributes": {
                            "collation": "SQL_Latin1_General_CP1_CI_AS",
                            "create_mode": "Default",
                            "creation_date": "2019-04-29T13:59:34.737Z",
                            "default_secondary_location": "North Europe",
                            "edition": "Standard",
                            "elastic_pool_name": "",
                            "encryption": "",
                            "id": "/subscriptions/10509b0a-77b7-4c7c-ade5-3664188f13af/resourceGroups/dev/providers/Microsoft.Sql/servers/etil-dev/databases/auth-etil-dev",
                            "location": "westeurope",
                            "max_size_bytes": "268435456000",
                            "name": "auth-etil-dev",
                            "requested_service_objective_id": "f1173c43-91bd-4aaa-973c-54e79e15235b",
                            "requested_service_objective_name": "S0",
                            "resource_group_name": "dev",
                            "server_name": "etil-dev",
                            "tags.%": "0",
                            "threat_detection_policy.#": "1",
                            "threat_detection_policy.0.disabled_alerts.#": "0",
                            "threat_detection_policy.0.email_account_admins": "Disabled",
                            "threat_detection_policy.0.email_addresses.#": "0",
                            "threat_detection_policy.0.retention_days": "0",
                            "threat_detection_policy.0.state": "Disabled",
                            "threat_detection_policy.0.storage_account_access_key": "",
                            "threat_detection_policy.0.storage_endpoint": "",
                            "threat_detection_policy.0.use_server_default": "Disabled"
                        },
                        "meta": {},
                        "tainted": false
                    },
                    "deposed": [],
                    "provider": "module.etil_environment_dev.provider.azurerm"
                },
                "azurerm_sql_database.etil-sql-database": {
                    "type": "azurerm_sql_database",
                    "depends_on": [
                        "azurerm_resource_group.rg",
                        "azurerm_sql_server.sql-server"
                    ],
                    "primary": {
                        "id": "/subscriptions/10509b0a-77b7-4c7c-ade5-3664188f13af/resourceGroups/dev/providers/Microsoft.Sql/servers/etil-dev/databases/etil-dev",
                        "attributes": {
                            "collation": "SQL_Latin1_General_CP1_CI_AS",
                            "create_mode": "Default",
                            "creation_date": "2019-04-29T13:59:35.233Z",
                            "default_secondary_location": "North Europe",
                            "edition": "Standard",
                            "elastic_pool_name": "",
                            "encryption": "",
                            "id": "/subscriptions/10509b0a-77b7-4c7c-ade5-3664188f13af/resourceGroups/dev/providers/Microsoft.Sql/servers/etil-dev/databases/etil-dev",
                            "location": "westeurope",
                            "max_size_bytes": "268435456000",
                            "name": "etil-dev",
                            "requested_service_objective_id": "f1173c43-91bd-4aaa-973c-54e79e15235b",
                            "requested_service_objective_name": "S0",
                            "resource_group_name": "dev",
                            "server_name": "etil-dev",
                            "tags.%": "0",
                            "threat_detection_policy.#": "1",
                            "threat_detection_policy.0.disabled_alerts.#": "0",
                            "threat_detection_policy.0.email_account_admins": "Disabled",
                            "threat_detection_policy.0.email_addresses.#": "0",
                            "threat_detection_policy.0.retention_days": "0",
                            "threat_detection_policy.0.state": "Disabled",
                            "threat_detection_policy.0.storage_account_access_key": "",
                            "threat_detection_policy.0.storage_endpoint": "",
                            "threat_detection_policy.0.use_server_default": "Disabled"
                        },
                        "meta": {},
                        "tainted": false
                    },
                    "deposed": [],
                    "provider": "module.etil_environment_dev.provider.azurerm"
                },
                "azurerm_sql_database.import-sql-database": {
                    "type": "azurerm_sql_database",
                    "depends_on": [
                        "azurerm_resource_group.rg",
                        "azurerm_sql_server.sql-server"
                    ],
                    "primary": {
                        "id": "/subscriptions/10509b0a-77b7-4c7c-ade5-3664188f13af/resourceGroups/dev/providers/Microsoft.Sql/servers/etil-dev/databases/import-etil-dev",
                        "attributes": {
                            "collation": "SQL_Latin1_General_CP1_CI_AS",
                            "create_mode": "Default",
                            "creation_date": "2019-04-29T13:59:57.723Z",
                            "default_secondary_location": "North Europe",
                            "edition": "Standard",
                            "elastic_pool_name": "",
                            "encryption": "",
                            "id": "/subscriptions/10509b0a-77b7-4c7c-ade5-3664188f13af/resourceGroups/dev/providers/Microsoft.Sql/servers/etil-dev/databases/import-etil-dev",
                            "location": "westeurope",
                            "max_size_bytes": "268435456000",
                            "name": "import-etil-dev",
                            "requested_service_objective_id": "f1173c43-91bd-4aaa-973c-54e79e15235b",
                            "requested_service_objective_name": "S0",
                            "resource_group_name": "dev",
                            "server_name": "etil-dev",
                            "tags.%": "0",
                            "threat_detection_policy.#": "1",
                            "threat_detection_policy.0.disabled_alerts.#": "0",
                            "threat_detection_policy.0.email_account_admins": "Disabled",
                            "threat_detection_policy.0.email_addresses.#": "0",
                            "threat_detection_policy.0.retention_days": "0",
                            "threat_detection_policy.0.state": "Disabled",
                            "threat_detection_policy.0.storage_account_access_key": "",
                            "threat_detection_policy.0.storage_endpoint": "",
                            "threat_detection_policy.0.use_server_default": "Disabled"
                        },
                        "meta": {},
                        "tainted": false
                    },
                    "deposed": [],
                    "provider": "module.etil_environment_dev.provider.azurerm"
                },
                "azurerm_sql_firewall_rule.sql-firewall": {
                    "type": "azurerm_sql_firewall_rule",
                    "depends_on": [
                        "azurerm_resource_group.rg",
                        "azurerm_sql_server.sql-server"
                    ],
                    "primary": {
                        "id": "/subscriptions/10509b0a-77b7-4c7c-ade5-3664188f13af/resourceGroups/dev/providers/Microsoft.Sql/servers/etil-dev/firewallRules/AllowAzureServices",
                        "attributes": {
                            "end_ip_address": "0.0.0.0",
                            "id": "/subscriptions/10509b0a-77b7-4c7c-ade5-3664188f13af/resourceGroups/dev/providers/Microsoft.Sql/servers/etil-dev/firewallRules/AllowAzureServices",
                            "name": "AllowAzureServices",
                            "resource_group_name": "dev",
                            "server_name": "etil-dev",
                            "start_ip_address": "0.0.0.0"
                        },
                        "meta": {},
                        "tainted": false
                    },
                    "deposed": [],
                    "provider": "module.etil_environment_dev.provider.azurerm"
                },
                "azurerm_sql_server.sql-server": {
                    "type": "azurerm_sql_server",
                    "depends_on": [
                        "azurerm_resource_group.rg",
                        "random_string.password"
                    ],
                    "primary": {
                        "id": "/subscriptions/10509b0a-77b7-4c7c-ade5-3664188f13af/resourceGroups/dev/providers/Microsoft.Sql/servers/etil-dev",
                        "attributes": {
                            "administrator_login": "etil_admin",
                            "administrator_login_password": "QJ+H\u003ePHQa=O$}AA#",
                            "fully_qualified_domain_name": "etil-dev.database.windows.net",
                            "id": "/subscriptions/10509b0a-77b7-4c7c-ade5-3664188f13af/resourceGroups/dev/providers/Microsoft.Sql/servers/etil-dev",
                            "location": "westeurope",
                            "name": "etil-dev",
                            "resource_group_name": "dev",
                            "tags.%": "0",
                            "version": "12.0"
                        },
                        "meta": {},
                        "tainted": false
                    },
                    "deposed": [],
                    "provider": "module.etil_environment_dev.provider.azurerm"
                },
                "azurerm_storage_account.storage": {
                    "type": "azurerm_storage_account",
                    "depends_on": [
                        "azurerm_resource_group.rg"
                    ],
                    "primary": {
                        "id": "/subscriptions/10509b0a-77b7-4c7c-ade5-3664188f13af/resourceGroups/dev/providers/Microsoft.Storage/storageAccounts/etildev",
                        "attributes": {
                            "access_tier": "",
                            "account_encryption_source": "Microsoft.Storage",
                            "account_kind": "Storage",
                            "account_replication_type": "LRS",
                            "account_tier": "Standard",
                            "account_type": "Standard_LRS",
                            "enable_blob_encryption": "true",
                            "enable_file_encryption": "true",
                            "enable_https_traffic_only": "false",
                            "id": "/subscriptions/10509b0a-77b7-4c7c-ade5-3664188f13af/resourceGroups/dev/providers/Microsoft.Storage/storageAccounts/etildev",
                            "identity.#": "0",
                            "is_hns_enabled": "false",
                            "location": "westeurope",
                            "name": "etildev",
                            "network_rules.#": "0",
                            "primary_access_key": "lAJBVZOafKNojhoUDXVg4DYmolBgWcdCCWYklj8JypLWD09Apb1Cu6mkKBhsKHbLLF9snQBrBAYuYRR1Imp3zA==",
                            "primary_blob_connection_string": "DefaultEndpointsProtocol=https;BlobEndpoint=https://etildev.blob.core.windows.net/;AccountName=etildev;AccountKey=lAJBVZOafKNojhoUDXVg4DYmolBgWcdCCWYklj8JypLWD09Apb1Cu6mkKBhsKHbLLF9snQBrBAYuYRR1Imp3zA==",
                            "primary_blob_endpoint": "https://etildev.blob.core.windows.net/",
                            "primary_blob_host": "etildev.blob.core.windows.net",
                            "primary_connection_string": "DefaultEndpointsProtocol=https;AccountName=etildev;AccountKey=lAJBVZOafKNojhoUDXVg4DYmolBgWcdCCWYklj8JypLWD09Apb1Cu6mkKBhsKHbLLF9snQBrBAYuYRR1Imp3zA==;EndpointSuffix=core.windows.net",
                            "primary_dfs_endpoint": "",
                            "primary_dfs_host": "",
                            "primary_file_endpoint": "https://etildev.file.core.windows.net/",
                            "primary_file_host": "etildev.file.core.windows.net",
                            "primary_location": "westeurope",
                            "primary_queue_endpoint": "https://etildev.queue.core.windows.net/",
                            "primary_queue_host": "etildev.queue.core.windows.net",
                            "primary_table_endpoint": "https://etildev.table.core.windows.net/",
                            "primary_table_host": "etildev.table.core.windows.net",
                            "primary_web_endpoint": "",
                            "primary_web_host": "",
                            "resource_group_name": "dev",
                            "secondary_access_key": "dUS+7L3RuYdWrP3ymv+Nfc0kFN8zFDQ9Dzk9GmAOhveMnjEILHvaF/vngPNzrKSJrTn1eiAiwYXW7ypPHBZCzw==",
                            "secondary_blob_connection_string": "",
                            "secondary_connection_string": "DefaultEndpointsProtocol=https;AccountName=etildev;AccountKey=dUS+7L3RuYdWrP3ymv+Nfc0kFN8zFDQ9Dzk9GmAOhveMnjEILHvaF/vngPNzrKSJrTn1eiAiwYXW7ypPHBZCzw==;EndpointSuffix=core.windows.net",
                            "secondary_location": "",
                            "tags.%": "0"
                        },
                        "meta": {
                            "schema_version": "2"
                        },
                        "tainted": false
                    },
                    "deposed": [],
                    "provider": "module.etil_environment_dev.provider.azurerm"
                },
                "random_string.password": {
                    "type": "random_string",
                    "depends_on": [],
                    "primary": {
                        "id": "none",
                        "attributes": {
                            "id": "none",
                            "length": "16",
                            "lower": "true",
                            "min_lower": "0",
                            "min_numeric": "0",
                            "min_special": "0",
                            "min_upper": "0",
                            "number": "true",
                            "result": "QJ+H\u003ePHQa=O$}AA#",
                            "special": "true",
                            "upper": "true"
                        },
                        "meta": {
                            "schema_version": "1"
                        },
                        "tainted": false
                    },
                    "deposed": [],
                    "provider": "provider.random"
                }
            },
            "depends_on": []
        },
        {
            "path": [
                "root",
                "etil_environment_test"
            ],
            "outputs": {},
            "resources": {
                "azurerm_app_service_plan.sp": {
                    "type": "azurerm_app_service_plan",
                    "depends_on": [
                        "azurerm_resource_group.rg"
                    ],
                    "primary": {
                        "id": "/subscriptions/10509b0a-77b7-4c7c-ade5-3664188f13af/resourceGroups/test/providers/Microsoft.Web/serverfarms/app-service-plan",
                        "attributes": {
                            "id": "/subscriptions/10509b0a-77b7-4c7c-ade5-3664188f13af/resourceGroups/test/providers/Microsoft.Web/serverfarms/app-service-plan",
                            "kind": "Windows",
                            "location": "westeurope",
                            "maximum_number_of_workers": "3",
                            "name": "app-service-plan",
                            "per_site_scaling": "false",
                            "properties.#": "1",
                            "properties.0.app_service_environment_id": "",
                            "properties.0.per_site_scaling": "false",
                            "properties.0.reserved": "false",
                            "reserved": "false",
                            "resource_group_name": "test",
                            "sku.#": "1",
                            "sku.0.capacity": "1",
                            "sku.0.size": "B1",
                            "sku.0.tier": "Basic",
                            "tags.%": "0"
                        },
                        "meta": {},
                        "tainted": false
                    },
                    "deposed": [],
                    "provider": "module.etil_environment_test.provider.azurerm"
                },
                "azurerm_application_insights.insights": {
                    "type": "azurerm_application_insights",
                    "depends_on": [
                        "azurerm_resource_group.rg"
                    ],
                    "primary": {
                        "id": "/subscriptions/10509b0a-77b7-4c7c-ade5-3664188f13af/resourceGroups/test/providers/microsoft.insights/components/etil-test",
                        "attributes": {
                            "app_id": "c2481ce9-783a-4881-9db2-8feba69149f9",
                            "application_type": "web",
                            "id": "/subscriptions/10509b0a-77b7-4c7c-ade5-3664188f13af/resourceGroups/test/providers/microsoft.insights/components/etil-test",
                            "instrumentation_key": "761c925d-ef88-4381-908c-c0e2aa130816",
                            "location": "westeurope",
                            "name": "etil-test",
                            "resource_group_name": "test",
                            "tags.%": "0"
                        },
                        "meta": {},
                        "tainted": false
                    },
                    "deposed": [],
                    "provider": "module.etil_environment_test.provider.azurerm"
                },
                "azurerm_resource_group.rg": {
                    "type": "azurerm_resource_group",
                    "depends_on": [],
                    "primary": {
                        "id": "/subscriptions/10509b0a-77b7-4c7c-ade5-3664188f13af/resourceGroups/test",
                        "attributes": {
                            "id": "/subscriptions/10509b0a-77b7-4c7c-ade5-3664188f13af/resourceGroups/test",
                            "location": "westeurope",
                            "name": "test",
                            "tags.%": "0"
                        },
                        "meta": {},
                        "tainted": false
                    },
                    "deposed": [],
                    "provider": "module.etil_environment_test.provider.azurerm"
                },
                "azurerm_sql_firewall_rule.sql-firewall": {
                    "type": "azurerm_sql_firewall_rule",
                    "depends_on": [
                        "azurerm_resource_group.rg",
                        "azurerm_sql_server.sql-server"
                    ],
                    "primary": {
                        "id": "/subscriptions/10509b0a-77b7-4c7c-ade5-3664188f13af/resourceGroups/test/providers/Microsoft.Sql/servers/etil-test/firewallRules/AllowAzureServices",
                        "attributes": {
                            "end_ip_address": "0.0.0.0",
                            "id": "/subscriptions/10509b0a-77b7-4c7c-ade5-3664188f13af/resourceGroups/test/providers/Microsoft.Sql/servers/etil-test/firewallRules/AllowAzureServices",
                            "name": "AllowAzureServices",
                            "resource_group_name": "test",
                            "server_name": "etil-test",
                            "start_ip_address": "0.0.0.0"
                        },
                        "meta": {},
                        "tainted": false
                    },
                    "deposed": [],
                    "provider": "module.etil_environment_test.provider.azurerm"
                },
                "azurerm_sql_server.sql-server": {
                    "type": "azurerm_sql_server",
                    "depends_on": [
                        "azurerm_resource_group.rg",
                        "random_string.password"
                    ],
                    "primary": {
                        "id": "/subscriptions/10509b0a-77b7-4c7c-ade5-3664188f13af/resourceGroups/test/providers/Microsoft.Sql/servers/etil-test",
                        "attributes": {
                            "administrator_login": "etil_admin",
                            "administrator_login_password": "mOXx**=-b0lR8tU8",
                            "fully_qualified_domain_name": "etil-test.database.windows.net",
                            "id": "/subscriptions/10509b0a-77b7-4c7c-ade5-3664188f13af/resourceGroups/test/providers/Microsoft.Sql/servers/etil-test",
                            "location": "westeurope",
                            "name": "etil-test",
                            "resource_group_name": "test",
                            "tags.%": "0",
                            "version": "12.0"
                        },
                        "meta": {},
                        "tainted": false
                    },
                    "deposed": [],
                    "provider": "module.etil_environment_test.provider.azurerm"
                },
                "azurerm_storage_account.storage": {
                    "type": "azurerm_storage_account",
                    "depends_on": [
                        "azurerm_resource_group.rg"
                    ],
                    "primary": {
                        "id": "/subscriptions/10509b0a-77b7-4c7c-ade5-3664188f13af/resourceGroups/test/providers/Microsoft.Storage/storageAccounts/etiltest",
                        "attributes": {
                            "access_tier": "",
                            "account_encryption_source": "Microsoft.Storage",
                            "account_kind": "Storage",
                            "account_replication_type": "LRS",
                            "account_tier": "Standard",
                            "account_type": "Standard_LRS",
                            "enable_blob_encryption": "true",
                            "enable_file_encryption": "true",
                            "enable_https_traffic_only": "false",
                            "id": "/subscriptions/10509b0a-77b7-4c7c-ade5-3664188f13af/resourceGroups/test/providers/Microsoft.Storage/storageAccounts/etiltest",
                            "identity.#": "0",
                            "is_hns_enabled": "false",
                            "location": "westeurope",
                            "name": "etiltest",
                            "network_rules.#": "0",
                            "primary_access_key": "n2T/DDFTnpD9LCxm5qzut8j6K38UAW5ucQE05c6W1dWLcVl/n6+CphDLyqTlddR7TyW4ALHY6kjrltvLOPNW2w==",
                            "primary_blob_connection_string": "DefaultEndpointsProtocol=https;BlobEndpoint=https://etiltest.blob.core.windows.net/;AccountName=etiltest;AccountKey=n2T/DDFTnpD9LCxm5qzut8j6K38UAW5ucQE05c6W1dWLcVl/n6+CphDLyqTlddR7TyW4ALHY6kjrltvLOPNW2w==",
                            "primary_blob_endpoint": "https://etiltest.blob.core.windows.net/",
                            "primary_blob_host": "etiltest.blob.core.windows.net",
                            "primary_connection_string": "DefaultEndpointsProtocol=https;AccountName=etiltest;AccountKey=n2T/DDFTnpD9LCxm5qzut8j6K38UAW5ucQE05c6W1dWLcVl/n6+CphDLyqTlddR7TyW4ALHY6kjrltvLOPNW2w==;EndpointSuffix=core.windows.net",
                            "primary_dfs_endpoint": "",
                            "primary_dfs_host": "",
                            "primary_file_endpoint": "https://etiltest.file.core.windows.net/",
                            "primary_file_host": "etiltest.file.core.windows.net",
                            "primary_location": "westeurope",
                            "primary_queue_endpoint": "https://etiltest.queue.core.windows.net/",
                            "primary_queue_host": "etiltest.queue.core.windows.net",
                            "primary_table_endpoint": "https://etiltest.table.core.windows.net/",
                            "primary_table_host": "etiltest.table.core.windows.net",
                            "primary_web_endpoint": "",
                            "primary_web_host": "",
                            "resource_group_name": "test",
                            "secondary_access_key": "uKfIoUv05NqsDbycAwvD82t1PrdwuZK6A6q9SjLi2ZrFk4G9QSRF+emXY/XSmeub5pM1780Nkp5rf+BF+VZ1Ow==",
                            "secondary_blob_connection_string": "",
                            "secondary_connection_string": "DefaultEndpointsProtocol=https;AccountName=etiltest;AccountKey=uKfIoUv05NqsDbycAwvD82t1PrdwuZK6A6q9SjLi2ZrFk4G9QSRF+emXY/XSmeub5pM1780Nkp5rf+BF+VZ1Ow==;EndpointSuffix=core.windows.net",
                            "secondary_location": "",
                            "tags.%": "0"
                        },
                        "meta": {
                            "schema_version": "2"
                        },
                        "tainted": false
                    },
                    "deposed": [],
                    "provider": "module.etil_environment_test.provider.azurerm"
                },
                "random_string.password": {
                    "type": "random_string",
                    "depends_on": [],
                    "primary": {
                        "id": "none",
                        "attributes": {
                            "id": "none",
                            "length": "16",
                            "lower": "true",
                            "min_lower": "0",
                            "min_numeric": "0",
                            "min_special": "0",
                            "min_upper": "0",
                            "number": "true",
                            "result": "mOXx**=-b0lR8tU8",
                            "special": "true",
                            "upper": "true"
                        },
                        "meta": {
                            "schema_version": "1"
                        },
                        "tainted": false
                    },
                    "deposed": [],
                    "provider": "provider.random"
                }
            },
            "depends_on": []
        }
    ]
}
